github.com/awesome-cap/hashmap v0.0.0-20210712100241-adf156b8352a h1:I+lQLVE4SKMPS9B8tD+64PiFIOpTQ//OSum6nc98M0A=
github.com/awesome-cap/hashmap v0.0.0-20210712100241-adf156b8352a/go.mod h1:5vIRKw3P2HirHOPm1xQfJ6GmPfZQemzbIXfU0MqLlZU=
gopkg.in/check.v1 v0.0.0-20161208181325-20d25e280405 h1:yhCVgyC4o1eVCa2tZl7eS0r+SDo693bJlVdllGtEeKM=
gopkg.in/check.v1 v0.0.0-20161208181325-20d25e280405/go.mod h1:Co6ibVJAznAaIkqp8huTwlJQCZ016jof/cbN4VW5Yz0=
gopkg.in/yaml.v2 v2.4.0 h1:D8xgwECY7CYvx+Y2n4sBz93Jn9JRvxdiyyo8CTfuKaY=
gopkg.in/yaml.v2 v2.4.0/go.mod h1:RDklbk79AGWmwhnvt/jBztapEOGDOx6ZbXqjP6csGnQ=
