github.com/awesome-cap/hashmap v0.0.0-20210703052654-553ea3b03e5b h1:rdmN6sQH3+AlDXGLPNhkXf4vnYX84qrSSipAgCiW9Jk=
github.com/awesome-cap/hashmap v0.0.0-20210703052654-553ea3b03e5b/go.mod h1:5vIRKw3P2HirHOPm1xQfJ6GmPfZQemzbIXfU0MqLlZU=
github.com/awesome-cap/hashmap v0.0.0-20210703055113-3286bdf2a671 h1:C5McXLsRbHl21rGz3rCemxg+OHlf1KR59rtOODK4Muo=
github.com/awesome-cap/hashmap v0.0.0-20210703055113-3286bdf2a671/go.mod h1:5vIRKw3P2HirHOPm1xQfJ6GmPfZQemzbIXfU0MqLlZU=
